{
    "_readme": [
        "This file locks the dependencies of your project to a known state",
        "Read more about it at https://getcomposer.org/doc/01-basic-usage.md#installing-dependencies",
        "This file is @generated automatically"
    ],
    "content-hash": "533f0cd971f49aae46836ad205a3241f",
    "packages": [
        {
            "name": "monolog/monolog",
            "version": "2.10.0",
            "source": {
                "type": "git",
                "url": "https://github.com/Seldaek/monolog.git",
                "reference": "5cf826f2991858b54d5c3809bee745560a1042a7"
            },
            "dist": {
                "type": "zip",
                "url": "https://api.github.com/repos/Seldaek/monolog/zipball/5cf826f2991858b54d5c3809bee745560a1042a7",
                "reference": "5cf826f2991858b54d5c3809bee745560a1042a7",
                "shasum": "",
                "mirrors": [
                    {
                        "url": "https://mirrors.aliyun.com/composer/dists/%package%/%reference%.%type%",
                        "preferred": true
                    }
                ]
            },
            "require": {
                "php": ">=7.2",
                "psr/log": "^1.0.1 || ^2.0 || ^3.0"
            },
            "provide": {
                "psr/log-implementation": "1.0.0 || 2.0.0 || 3.0.0"
            },
            "require-dev": {
                "aws/aws-sdk-php": "^2.4.9 || ^3.0",
                "doctrine/couchdb": "~1.0@dev",
                "elasticsearch/elasticsearch": "^7 || ^8",
                "ext-json": "*",
                "graylog2/gelf-php": "^1.4.2 || ^2@dev",
                "guzzlehttp/guzzle": "^7.4",
                "guzzlehttp/psr7": "^2.2",
                "mongodb/mongodb": "^1.8",
                "php-amqplib/php-amqplib": "~2.4 || ^3",
                "phpspec/prophecy": "^1.15",
                "phpstan/phpstan": "^1.10",
                "phpunit/phpunit": "^8.5.38 || ^9.6.19",
                "predis/predis": "^1.1 || ^2.0",
                "rollbar/rollbar": "^1.3 || ^2 || ^3",
                "ruflin/elastica": "^7",
                "swiftmailer/swiftmailer": "^5.3|^6.0",
                "symfony/mailer": "^5.4 || ^6",
                "symfony/mime": "^5.4 || ^6"
            },
            "suggest": {
                "aws/aws-sdk-php": "Allow sending log messages to AWS services like DynamoDB",
                "doctrine/couchdb": "Allow sending log messages to a CouchDB server",
                "elasticsearch/elasticsearch": "Allow sending log messages to an Elasticsearch server via official client",
                "ext-amqp": "Allow sending log messages to an AMQP server (1.0+ required)",
                "ext-curl": "Required to send log messages using the IFTTTHandler, the LogglyHandler, the SendGridHandler, the SlackWebhookHandler or the TelegramBotHandler",
                "ext-mbstring": "Allow to work properly with unicode symbols",
                "ext-mongodb": "Allow sending log messages to a MongoDB server (via driver)",
                "ext-openssl": "Required to send log messages using SSL",
                "ext-sockets": "Allow sending log messages to a Syslog server (via UDP driver)",
                "graylog2/gelf-php": "Allow sending log messages to a GrayLog2 server",
                "mongodb/mongodb": "Allow sending log messages to a MongoDB server (via library)",
                "php-amqplib/php-amqplib": "Allow sending log messages to an AMQP server using php-amqplib",
                "rollbar/rollbar": "Allow sending log messages to Rollbar",
                "ruflin/elastica": "Allow sending log messages to an Elastic Search server"
            },
            "type": "library",
            "extra": {
                "branch-alias": {
                    "dev-main": "2.x-dev"
                }
            },
            "autoload": {
                "psr-4": {
                    "Monolog\\": "src/Monolog"
                }
            },
            "notification-url": "https://packagist.org/downloads/",
            "license": [
                "MIT"
            ],
            "authors": [
                {
                    "name": "Jordi Boggiano",
                    "email": "j.boggiano@seld.be",
                    "homepage": "https://seld.be"
                }
            ],
            "description": "Sends your logs to files, sockets, inboxes, databases and various web services",
            "homepage": "https://github.com/Seldaek/monolog",
            "keywords": [
                "log",
                "logging",
                "psr-3"
            ],
            "support": {
                "issues": "https://github.com/Seldaek/monolog/issues",
                "source": "https://github.com/Seldaek/monolog/tree/2.10.0"
            },
            "funding": [
                {
                    "url": "https://github.com/Seldaek",
                    "type": "github"
                },
                {
                    "url": "https://tidelift.com/funding/github/packagist/monolog/monolog",
                    "type": "tidelift"
                }
            ],
            "time": "2024-11-12T12:43:37+00:00"
        },
        {
            "name": "nikic/fast-route",
            "version": "v1.3.0",
            "source": {
                "type": "git",
                "url": "https://github.com/nikic/FastRoute.git",
                "reference": "181d480e08d9476e61381e04a71b34dc0432e812"
            },
            "dist": {
                "type": "zip",
                "url": "https://api.github.com/repos/nikic/FastRoute/zipball/181d480e08d9476e61381e04a71b34dc0432e812",
                "reference": "181d480e08d9476e61381e04a71b34dc0432e812",
                "shasum": "",
                "mirrors": [
                    {
                        "url": "https://mirrors.aliyun.com/composer/dists/%package%/%reference%.%type%",
                        "preferred": true
                    }
                ]
            },
            "require": {
                "php": ">=5.4.0"
            },
            "require-dev": {
                "phpunit/phpunit": "^4.8.35|~5.7"
            },
            "type": "library",
            "autoload": {
                "files": [
                    "src/functions.php"
                ],
                "psr-4": {
                    "FastRoute\\": "src/"
                }
            },
            "notification-url": "https://packagist.org/downloads/",
            "license": [
                "BSD-3-Clause"
            ],
            "authors": [
                {
                    "name": "Nikita Popov",
                    "email": "nikic@php.net"
                }
            ],
            "description": "Fast request router for PHP",
            "keywords": [
                "router",
                "routing"
            ],
            "support": {
                "issues": "https://github.com/nikic/FastRoute/issues",
                "source": "https://github.com/nikic/FastRoute/tree/master"
            },
            "time": "2018-02-13T20:26:39+00:00"
        },
        {
            "name": "psr/container",
            "version": "2.0.2",
            "source": {
                "type": "git",
                "url": "https://github.com/php-fig/container.git",
                "reference": "c71ecc56dfe541dbd90c5360474fbc405f8d5963"
            },
            "dist": {
                "type": "zip",
                "url": "https://api.github.com/repos/php-fig/container/zipball/c71ecc56dfe541dbd90c5360474fbc405f8d5963",
                "reference": "c71ecc56dfe541dbd90c5360474fbc405f8d5963",
                "shasum": "",
                "mirrors": [
                    {
                        "url": "https://mirrors.aliyun.com/composer/dists/%package%/%reference%.%type%",
                        "preferred": true
                    }
                ]
            },
            "require": {
                "php": ">=7.4.0"
            },
            "type": "library",
            "extra": {
                "branch-alias": {
                    "dev-master": "2.0.x-dev"
                }
            },
            "autoload": {
                "psr-4": {
                    "Psr\\Container\\": "src/"
                }
            },
            "notification-url": "https://packagist.org/downloads/",
            "license": [
                "MIT"
            ],
            "authors": [
                {
                    "name": "PHP-FIG",
                    "homepage": "https://www.php-fig.org/"
                }
            ],
            "description": "Common Container Interface (PHP FIG PSR-11)",
            "homepage": "https://github.com/php-fig/container",
            "keywords": [
                "PSR-11",
                "container",
                "container-interface",
                "container-interop",
                "psr"
            ],
            "support": {
                "issues": "https://github.com/php-fig/container/issues",
                "source": "https://github.com/php-fig/container/tree/2.0.2"
            },
            "time": "2021-11-05T16:47:00+00:00"
        },
        {
            "name": "psr/log",
            "version": "3.0.1",
            "source": {
                "type": "git",
                "url": "https://github.com/php-fig/log.git",
                "reference": "79dff0b268932c640297f5208d6298f71855c03e"
            },
            "dist": {
                "type": "zip",
                "url": "https://api.github.com/repos/php-fig/log/zipball/79dff0b268932c640297f5208d6298f71855c03e",
                "reference": "79dff0b268932c640297f5208d6298f71855c03e",
                "shasum": "",
                "mirrors": [
                    {
                        "url": "https://mirrors.aliyun.com/composer/dists/%package%/%reference%.%type%",
                        "preferred": true
                    }
                ]
            },
            "require": {
                "php": ">=8.0.0"
            },
            "type": "library",
            "extra": {
                "branch-alias": {
                    "dev-master": "3.x-dev"
                }
            },
            "autoload": {
                "psr-4": {
                    "Psr\\Log\\": "src"
                }
            },
            "notification-url": "https://packagist.org/downloads/",
            "license": [
                "MIT"
            ],
            "authors": [
                {
                    "name": "PHP-FIG",
                    "homepage": "https://www.php-fig.org/"
                }
            ],
            "description": "Common interface for logging libraries",
            "homepage": "https://github.com/php-fig/log",
            "keywords": [
                "log",
                "psr",
                "psr-3"
            ],
            "support": {
                "source": "https://github.com/php-fig/log/tree/3.0.1"
            },
            "time": "2024-08-21T13:31:24+00:00"
        },
        {
            "name": "workerman/coroutine",
            "version": "v1.1.4",
            "source": {
                "type": "git",
                "url": "https://github.com/workerman-php/coroutine.git",
                "reference": "b0bebfa9d41b992ad0a835ddf2ee8fa5d58eca44"
            },
            "dist": {
                "type": "zip",
                "url": "https://api.github.com/repos/workerman-php/coroutine/zipball/b0bebfa9d41b992ad0a835ddf2ee8fa5d58eca44",
                "reference": "b0bebfa9d41b992ad0a835ddf2ee8fa5d58eca44",
                "shasum": "",
                "mirrors": [
                    {
                        "url": "https://mirrors.aliyun.com/composer/dists/%package%/%reference%.%type%",
                        "preferred": true
                    }
                ]
            },
            "require": {
                "php": ">=8.1"
            },
            "require-dev": {
                "phpunit/phpunit": "^11.0",
                "psr/log": "*"
            },
            "type": "library",
            "autoload": {
                "psr-4": {
                    "Workerman\\": "src",
                    "Workerman\\Coroutine\\": "src"
                }
            },
            "notification-url": "https://packagist.org/downloads/",
            "license": [
                "MIT"
            ],
            "description": "Workerman coroutine",
            "support": {
                "issues": "https://github.com/workerman-php/coroutine/issues",
                "source": "https://github.com/workerman-php/coroutine/tree/v1.1.4"
            },
            "time": "2025-10-11T15:09:08+00:00"
        },
        {
            "name": "workerman/webman-framework",
            "version": "v2.1.4",
            "source": {
                "type": "git",
                "url": "https://github.com/walkor/webman-framework.git",
                "reference": "f19d1f9e47cc50210555f0b63db5ae1dd584f793"
            },
            "dist": {
                "type": "zip",
                "url": "https://api.github.com/repos/walkor/webman-framework/zipball/f19d1f9e47cc50210555f0b63db5ae1dd584f793",
                "reference": "f19d1f9e47cc50210555f0b63db5ae1dd584f793",
                "shasum": "",
                "mirrors": [
                    {
                        "url": "https://mirrors.aliyun.com/composer/dists/%package%/%reference%.%type%",
                        "preferred": true
                    }
                ]
            },
            "require": {
                "ext-json": "*",
                "nikic/fast-route": "^1.3",
                "php": ">=8.1",
                "psr/container": ">=1.0",
                "psr/log": "^2.0 || ^3.0",
                "workerman/workerman": "^5.1 || dev-master"
            },
            "suggest": {
                "ext-event": "For better performance. "
            },
            "type": "library",
            "autoload": {
                "files": [
                    "./src/support/helpers.php"
                ],
                "psr-4": {
                    "Webman\\": "./src",
                    "Support\\": "./src/support",
                    "support\\": "./src/support",
                    "Support\\View\\": "./src/support/view",
                    "Support\\Bootstrap\\": "./src/support/bootstrap",
                    "Support\\Exception\\": "./src/support/exception"
                }
            },
            "notification-url": "https://packagist.org/downloads/",
            "license": [
                "MIT"
            ],
            "authors": [
                {
                    "name": "walkor",
                    "email": "walkor@workerman.net",
                    "homepage": "https://www.workerman.net",
                    "role": "Developer"
                }
            ],
            "description": "High performance HTTP Service Framework.",
            "homepage": "https://www.workerman.net",
            "keywords": [
                "High Performance",
                "http service"
            ],
            "support": {
                "email": "walkor@workerman.net",
                "forum": "https://wenda.workerman.net/",
                "issues": "https://github.com/walkor/webman/issues",
                "source": "https://github.com/walkor/webman-framework",
                "wiki": "https://doc.workerman.net/"
            },
            "time": "2025-11-10T06:59:23+00:00"
        },
        {
            "name": "workerman/workerman",
            "version": "v5.1.0",
            "source": {
                "type": "git",
                "url": "https://github.com/walkor/workerman.git",
                "reference": "5ce17bc71dfdad0e9eba8cd658342da793d2f581"
            },
            "dist": {
                "type": "zip",
                "url": "https://api.github.com/repos/walkor/workerman/zipball/5ce17bc71dfdad0e9eba8cd658342da793d2f581",
                "reference": "5ce17bc71dfdad0e9eba8cd658342da793d2f581",
                "shasum": "",
                "mirrors": [
                    {
                        "url": "https://mirrors.aliyun.com/composer/dists/%package%/%reference%.%type%",
                        "preferred": true
                    }
                ]
            },
            "require": {
                "ext-json": "*",
                "php": ">=8.1",
                "workerman/coroutine": "^1.1 || dev-main"
            },
            "conflict": {
                "ext-swow": "<v1.0.0"
            },
            "require-dev": {
                "guzzlehttp/guzzle": "^7.0",
                "mockery/mockery": "^1.6",
                "pestphp/pest": "2.x-dev",
                "phpstan/phpstan": "1.11.x-dev"
            },
            "suggest": {
                "ext-event": "For better performance. "
            },
            "type": "library",
            "autoload": {
                "psr-4": {
                    "Workerman\\": "src"
                }
            },
            "notification-url": "https://packagist.org/downloads/",
            "license": [
                "MIT"
            ],
            "authors": [
                {
                    "name": "walkor",
                    "email": "walkor@workerman.net",
                    "homepage": "https://www.workerman.net",
                    "role": "Developer"
                }
            ],
            "description": "An asynchronous event driven PHP framework for easily building fast, scalable network applications.",
            "homepage": "https://www.workerman.net",
            "keywords": [
                "asynchronous",
                "event-loop",
                "framework",
                "http"
            ],
            "support": {
                "email": "walkor@workerman.net",
                "forum": "https://www.workerman.net/questions",
                "issues": "https://github.com/walkor/workerman/issues",
                "source": "https://github.com/walkor/workerman",
                "wiki": "https://www.workerman.net/doc/workerman/"
            },
            "funding": [
                {
                    "url": "https://opencollective.com/workerman",
                    "type": "open_collective"
                },
                {
                    "url": "https://www.patreon.com/walkor",
                    "type": "patreon"
                }
            ],
            "time": "2025-02-05T14:25:44+00:00"
        }
    ],
    "packages-dev": [
        {
            "name": "psr/http-message",
            "version": "1.1",
            "source": {
                "type": "git",
                "url": "https://github.com/php-fig/http-message.git",
                "reference": "cb6ce4845ce34a8ad9e68117c10ee90a29919eba"
            },
            "dist": {
                "type": "zip",
                "url": "https://api.github.com/repos/php-fig/http-message/zipball/cb6ce4845ce34a8ad9e68117c10ee90a29919eba",
                "reference": "cb6ce4845ce34a8ad9e68117c10ee90a29919eba",
                "shasum": "",
                "mirrors": [
                    {
                        "url": "https://mirrors.aliyun.com/composer/dists/%package%/%reference%.%type%",
                        "preferred": true
                    }
                ]
            },
            "require": {
                "php": "^7.2 || ^8.0"
            },
            "type": "library",
            "extra": {
                "branch-alias": {
                    "dev-master": "1.1.x-dev"
                }
            },
            "autoload": {
                "psr-4": {
                    "Psr\\Http\\Message\\": "src/"
                }
            },
            "notification-url": "https://packagist.org/downloads/",
            "license": [
                "MIT"
            ],
            "authors": [
                {
                    "name": "PHP-FIG",
                    "homepage": "http://www.php-fig.org/"
                }
            ],
            "description": "Common interface for HTTP messages",
            "homepage": "https://github.com/php-fig/http-message",
            "keywords": [
                "http",
                "http-message",
                "psr",
                "psr-7",
                "request",
                "response"
            ],
            "support": {
                "source": "https://github.com/php-fig/http-message/tree/1.1"
            },
            "time": "2023-04-04T09:50:52+00:00"
        },
        {
            "name": "psr/simple-cache",
            "version": "3.0.0",
            "source": {
                "type": "git",
                "url": "https://github.com/php-fig/simple-cache.git",
                "reference": "764e0b3939f5ca87cb904f570ef9be2d78a07865"
            },
            "dist": {
                "type": "zip",
                "url": "https://api.github.com/repos/php-fig/simple-cache/zipball/764e0b3939f5ca87cb904f570ef9be2d78a07865",
                "reference": "764e0b3939f5ca87cb904f570ef9be2d78a07865",
                "shasum": "",
                "mirrors": [
                    {
                        "url": "https://mirrors.aliyun.com/composer/dists/%package%/%reference%.%type%",
                        "preferred": true
                    }
                ]
            },
            "require": {
                "php": ">=8.0.0"
            },
            "type": "library",
            "extra": {
                "branch-alias": {
                    "dev-master": "3.0.x-dev"
                }
            },
            "autoload": {
                "psr-4": {
                    "Psr\\SimpleCache\\": "src/"
                }
            },
            "notification-url": "https://packagist.org/downloads/",
            "license": [
                "MIT"
            ],
            "authors": [
                {
                    "name": "PHP-FIG",
                    "homepage": "https://www.php-fig.org/"
                }
            ],
            "description": "Common interfaces for simple caching",
            "keywords": [
                "cache",
                "caching",
                "psr",
                "psr-16",
                "simple-cache"
            ],
            "support": {
                "source": "https://github.com/php-fig/simple-cache/tree/3.0.0"
            },
            "time": "2021-10-29T13:26:27+00:00"
        },
        {
            "name": "topthink/framework",
            "version": "v8.1.2",
            "source": {
                "type": "git",
                "url": "https://github.com/top-think/framework.git",
                "reference": "8faec5c9b7a7f2a66ca3140a57e81bd6cd37567c"
            },
            "dist": {
                "type": "zip",
                "url": "https://api.github.com/repos/top-think/framework/zipball/8faec5c9b7a7f2a66ca3140a57e81bd6cd37567c",
                "reference": "8faec5c9b7a7f2a66ca3140a57e81bd6cd37567c",
                "shasum": "",
                "mirrors": [
                    {
                        "url": "https://mirrors.aliyun.com/composer/dists/%package%/%reference%.%type%",
                        "preferred": true
                    }
                ]
            },
            "require": {
                "ext-ctype": "*",
                "ext-json": "*",
                "ext-mbstring": "*",
                "php": ">=8.0.0",
                "psr/http-message": "^1.0",
                "psr/log": "^1.0|^2.0|^3.0",
                "psr/simple-cache": "^1.0|^2.0|^3.0",
                "topthink/think-container": "^3.0",
                "topthink/think-helper": "^3.1",
                "topthink/think-orm": "^3.0|^4.0",
                "topthink/think-validate": "^3.0"
            },
            "require-dev": {
                "guzzlehttp/psr7": "^2.1.0",
                "mikey179/vfsstream": "^1.6",
                "mockery/mockery": "^1.2",
                "phpunit/phpunit": "^9.5"
            },
            "type": "library",
            "autoload": {
                "files": [],
                "psr-4": {
                    "think\\": "src/think/"
                }
            },
            "notification-url": "https://packagist.org/downloads/",
            "license": [
                "Apache-2.0"
            ],
            "authors": [
                {
                    "name": "liu21st",
                    "email": "liu21st@gmail.com"
                },
                {
                    "name": "yunwuxin",
                    "email": "448901948@qq.com"
                }
            ],
            "description": "The ThinkPHP Framework.",
            "homepage": "http://thinkphp.cn/",
            "keywords": [
                "framework",
                "orm",
                "thinkphp"
            ],
            "support": {
                "issues": "https://github.com/top-think/framework/issues",
                "source": "https://github.com/top-think/framework/tree/v8.1.2"
            },
            "time": "2025-01-14T08:04:03+00:00"
        },
        {
            "name": "topthink/think-container",
            "version": "v3.0.1",
            "source": {
                "type": "git",
                "url": "https://github.com/top-think/think-container.git",
                "reference": "a24d442a02fb2a4716de232ff1a4f006c178a370"
            },
            "dist": {
                "type": "zip",
                "url": "https://api.github.com/repos/top-think/think-container/zipball/a24d442a02fb2a4716de232ff1a4f006c178a370",
                "reference": "a24d442a02fb2a4716de232ff1a4f006c178a370",
                "shasum": "",
                "mirrors": [
                    {
                        "url": "https://mirrors.aliyun.com/composer/dists/%package%/%reference%.%type%",
                        "preferred": true
                    }
                ]
            },
            "require": {
                "php": ">=8.0",
                "psr/container": "^2.0",
                "topthink/think-helper": "^3.1"
            },
            "require-dev": {
                "phpunit/phpunit": "^9.5"
            },
            "type": "library",
            "autoload": {
                "files": [],
                "psr-4": {
                    "think\\": "src"
                }
            },
            "notification-url": "https://packagist.org/downloads/",
            "license": [
                "Apache-2.0"
            ],
            "authors": [
                {
                    "name": "liu21st",
                    "email": "liu21st@gmail.com"
                }
            ],
            "description": "PHP Container & Facade Manager",
            "support": {
                "issues": "https://github.com/top-think/think-container/issues",
                "source": "https://github.com/top-think/think-container/tree/v3.0.1"
            },
            "time": "2025-01-07T08:19:23+00:00"
        },
        {
            "name": "topthink/think-helper",
            "version": "v3.1.11",
            "source": {
                "type": "git",
                "url": "https://github.com/top-think/think-helper.git",
                "reference": "1d6ada9b9f3130046bf6922fe1bd159c8d88a33c"
            },
            "dist": {
                "type": "zip",
                "url": "https://api.github.com/repos/top-think/think-helper/zipball/1d6ada9b9f3130046bf6922fe1bd159c8d88a33c",
                "reference": "1d6ada9b9f3130046bf6922fe1bd159c8d88a33c",
                "shasum": "",
                "mirrors": [
                    {
                        "url": "https://mirrors.aliyun.com/composer/dists/%package%/%reference%.%type%",
                        "preferred": true
                    }
                ]
            },
            "require": {
                "php": ">=7.1.0"
            },
            "require-dev": {
                "phpunit/phpunit": "^9.5"
            },
            "type": "library",
            "autoload": {
                "files": [
                    "src/helper.php"
                ],
                "psr-4": {
                    "think\\": "src"
                }
            },
            "notification-url": "https://packagist.org/downloads/",
            "license": [
                "Apache-2.0"
            ],
            "authors": [
                {
                    "name": "yunwuxin",
                    "email": "448901948@qq.com"
                }
            ],
            "description": "The ThinkPHP6 Helper Package",
            "support": {
                "issues": "https://github.com/top-think/think-helper/issues",
                "source": "https://github.com/top-think/think-helper/tree/v3.1.11"
            },
            "time": "2025-04-07T06:55:59+00:00"
        },
        {
            "name": "topthink/think-migration",
            "version": "v3.1.1",
            "source": {
                "type": "git",
                "url": "https://github.com/top-think/think-migration.git",
                "reference": "22c44058e1454f3af1d346e7f6524fbe654de7fb"
            },
            "dist": {
                "type": "zip",
                "url": "https://api.github.com/repos/top-think/think-migration/zipball/22c44058e1454f3af1d346e7f6524fbe654de7fb",
                "reference": "22c44058e1454f3af1d346e7f6524fbe654de7fb",
                "shasum": "",
                "mirrors": [
                    {
                        "url": "https://mirrors.aliyun.com/composer/dists/%package%/%reference%.%type%",
                        "preferred": true
                    }
                ]
            },
            "require": {
                "php": ">=7.2",
                "topthink/framework": "^6.0 || ^8.0",
                "topthink/think-helper": "^3.0.3"
            },
            "require-dev": {
                "composer/composer": "^2.5.8",
                "fzaninotto/faker": "^1.8",
                "robmorgan/phinx": "^0.13.4"
            },
            "suggest": {
                "fzaninotto/faker": "Required to use the factory builder (^1.8)."
            },
            "type": "library",
            "extra": {
                "think": {
                    "services": [
                        "think\\migration\\Service"
                    ]
                }
            },
            "autoload": {
                "psr-4": {
                    "Phinx\\": "phinx",
                    "think\\migration\\": "src"
                }
            },
            "notification-url": "https://packagist.org/downloads/",
            "license": [
                "Apache-2.0"
            ],
            "authors": [
                {
                    "name": "yunwuxin",
                    "email": "448901948@qq.com"
                }
            ],
            "support": {
                "issues": "https://github.com/top-think/think-migration/issues",
                "source": "https://github.com/top-think/think-migration/tree/v3.1.1"
            },
            "time": "2023-09-14T05:51:31+00:00"
        },
        {
            "name": "topthink/think-orm",
            "version": "v4.0.50",
            "source": {
                "type": "git",
                "url": "https://github.com/top-think/think-orm.git",
                "reference": "ddae72d5ff4d953d3d8cc526fd9c50e8862ce2cc"
            },
            "dist": {
                "type": "zip",
                "url": "https://api.github.com/repos/top-think/think-orm/zipball/ddae72d5ff4d953d3d8cc526fd9c50e8862ce2cc",
                "reference": "ddae72d5ff4d953d3d8cc526fd9c50e8862ce2cc",
                "shasum": "",
                "mirrors": [
                    {
                        "url": "https://mirrors.aliyun.com/composer/dists/%package%/%reference%.%type%",
                        "preferred": true
                    }
                ]
            },
            "require": {
                "ext-json": "*",
                "ext-pdo": "*",
                "php": ">=8.0.0",
                "psr/log": ">=1.0",
                "psr/simple-cache": "^3.0",
                "topthink/think-helper": "^3.1",
                "topthink/think-validate": "^3.0"
            },
            "require-dev": {
                "phpunit/phpunit": "^9.6|^10"
            },
            "suggest": {
                "ext-mongodb": "provide mongodb support"
            },
            "type": "library",
            "autoload": {
                "files": [
                    "src/helper.php",
                    "stubs/load_stubs.php"
                ],
                "psr-4": {
                    "think\\": "src"
                }
            },
            "notification-url": "https://packagist.org/downloads/",
            "license": [
                "Apache-2.0"
            ],
            "authors": [
                {
                    "name": "liu21st",
                    "email": "liu21st@gmail.com"
                }
            ],
            "description": "the PHP Database&ORM Framework",
            "keywords": [
                "database",
                "orm"
            ],
            "support": {
                "issues": "https://github.com/top-think/think-orm/issues",
                "source": "https://github.com/top-think/think-orm/tree/v4.0.50"
            },
            "time": "2025-08-26T05:32:22+00:00"
        },
        {
            "name": "topthink/think-validate",
            "version": "v3.0.7",
            "source": {
                "type": "git",
                "url": "https://github.com/top-think/think-validate.git",
                "reference": "85063f6d4ef8ed122f17a36179dc3e0949b30988"
            },
            "dist": {
                "type": "zip",
                "url": "https://api.github.com/repos/top-think/think-validate/zipball/85063f6d4ef8ed122f17a36179dc3e0949b30988",
                "reference": "85063f6d4ef8ed122f17a36179dc3e0949b30988",
                "shasum": "",
                "mirrors": [
                    {
                        "url": "https://mirrors.aliyun.com/composer/dists/%package%/%reference%.%type%",
                        "preferred": true
                    }
                ]
            },
            "require": {
                "php": ">=8.0",
                "topthink/think-container": ">=3.0"
            },
            "type": "library",
            "autoload": {
                "files": [
                    "src/helper.php"
                ],
                "psr-4": {
                    "think\\": "src"
                }
            },
            "notification-url": "https://packagist.org/downloads/",
            "license": [
                "Apache-2.0"
            ],
            "authors": [
                {
                    "name": "liu21st",
                    "email": "liu21st@gmail.com"
                }
            ],
            "description": "think validate",
            "support": {
                "issues": "https://github.com/top-think/think-validate/issues",
                "source": "https://github.com/top-think/think-validate/tree/v3.0.7"
            },
            "time": "2025-06-11T05:51:40+00:00"
        }
    ],
    "aliases": [],
    "minimum-stability": "dev",
    "stability-flags": [],
    "prefer-stable": true,
    "prefer-lowest": false,
    "platform": {
        "php": ">=8.1"
    },
    "platform-dev": [],
    "plugin-api-version": "2.6.0"
}
